hash: e7d56964f2cfbc3f05969c0df30f6ac72791b1189817352f75b96ebfca78c9ce
updated: 2016-08-19T14:16:57.708962126-04:00
imports:
- name: github.com/braintree/manners
  version: ""
  subpackages:
  - test_helpers
- name: github.com/BurntSushi/toml
  version: ""
- name: github.com/davecgh/go-spew
  version: ""
  subpackages:
  - spew
- name: github.com/docker/docker
  version: bf61c916ee12f2f1eda83bde7021e9bc4ee1ae15
  subpackages:
  - opts
  - pkg/archive
  - pkg/fileutils
  - pkg/homedir
  - pkg/stdcopy
  - pkg/idtools
  - pkg/ioutils
  - pkg/pools
  - pkg/promise
  - pkg/system
  - pkg/longpath
- name: github.com/docker/engine-api
  version: 2f8c367944a28130f3c2fb9f0aad7f1d5db952a9
  subpackages:
  - types/swarm
  - types/filters
  - types/mount
  - types/versions
- name: github.com/docker/go-units
  version: eb879ae3e2b84e2a142af415b679ddeda47ec71c
- name: github.com/fsnotify/fsnotify
  version: ""
- name: github.com/fsouza/go-dockerclient
  version: 0436d420da98515cfe6370c9c5cdde868415637b
- name: github.com/hashicorp/errwrap
  version: ""
- name: github.com/hashicorp/go-cleanhttp
  version: ad28ea4487f05916463e2423a55166280e8254b5
- name: github.com/hashicorp/go-multierror
  version: ""
- name: github.com/hashicorp/hcl
  version: ""
  subpackages:
  - hcl/ast
  - hcl/parser
  - hcl/printer
  - hcl/scanner
  - hcl/strconv
  - hcl/token
  - json/parser
  - json/scanner
  - json/token
- name: github.com/hashicorp/logutils
  version: ""
- name: github.com/hashicorp/terraform
  version: ""
  subpackages:
  - dag
  - vendor/github.com/hashicorp/go-multierror
  - vendor/github.com/hashicorp/errwrap
- name: github.com/inconshreveable/mousetrap
  version: ""
- name: github.com/kardianos/osext
  version: ""
- name: github.com/magiconair/properties
  version: ""
- name: github.com/mattn/go-isatty
  version: ""
- name: github.com/mitchellh/hashstructure
  version: 0f0560d0a78555b661638d5340d45bcbfbceee75
- name: github.com/mitchellh/mapstructure
  version: ""
- name: github.com/opencontainers/runc
  version: c520720728515d546d8debe937ff489abf718b79
  subpackages:
  - libcontainer/system
  - libcontainer/user
- name: github.com/pkg/errors
  version: ""
- name: github.com/pmezard/go-difflib
  version: ""
  subpackages:
  - difflib
- name: github.com/Sirupsen/logrus
  version: 08a8a7c27e3d058a8989316a850daad1c10bf4ab
- name: github.com/spf13/cast
  version: ""
- name: github.com/spf13/cobra
  version: ""
- name: github.com/spf13/jwalterweatherman
  version: ""
- name: github.com/spf13/pflag
  version: ""
- name: github.com/spf13/viper
  version: ""
- name: github.com/streamrail/concurrent-map
  version: 0f0560d0a78555b661638d5340d45bcbfbceee75
- name: github.com/stretchr/objx
  version: 0f0560d0a78555b661638d5340d45bcbfbceee75
- name: github.com/stretchr/testify
  version: ""
  subpackages:
  - assert
  - require
  - vendor/github.com/davecgh/go-spew/spew
  - vendor/github.com/pmezard/go-difflib/difflib
  - mock
- name: github.com/ttacon/chalk
  version: ""
- name: golang.org/x/net
  version: ""
  subpackages:
  - context
  - context/ctxhttp
- name: golang.org/x/sys
  version: ""
  subpackages:
  - unix
- name: gopkg.in/yaml.v2
  version: ""
testImports: []
