hash: 46778cde1a7eb63f1b23944fec7b0a1aa09bb3db44e6825fd7a56e7e872534e5
updated: 2016-08-10T17:28:46.018875059-05:00
imports:
- name: github.com/acmacalister/skittles
  version: ""
- name: github.com/asteris-llc/converge
  version: d4518ed2049be211544970d5aaf718e12abd93db
  subpackages:
  - cmd
  - graph
  - plan
  - apply
  - load
  - prettyprinters
  - prettyprinters/graphviz
  - prettyprinters/graphviz/providers
  - render
  - server
  - helpers/fakerenderer
  - resource
  - fetch
  - parse
  - render/extensions
  - resource/file/content
  - resource/module
  - resource/param
  - resource/shell
  - helpers
- name: github.com/braintree/manners
  version: ""
  subpackages:
  - test_helpers
- name: github.com/BurntSushi/toml
  version: ""
- name: github.com/coreos/go-systemd
  version: d6c05a1dcbb5ac02b7653da4d99e5db340c20778
  subpackages:
  - dbus
- name: github.com/davecgh/go-spew
  version: ""
  subpackages:
  - spew
- name: github.com/fsnotify/fsnotify
  version: ""
- name: github.com/godbus/dbus
  version: 7a8c533d28e8162671a81090af5b9f78b74e2d26
- name: github.com/hashicorp/errwrap
  version: ""
- name: github.com/hashicorp/go-multierror
  version: ""
- name: github.com/hashicorp/hcl
  version: ""
  subpackages:
  - hcl/ast
  - hcl/parser
  - hcl/printer
  - hcl/scanner
  - hcl/strconv
  - hcl/token
  - json/parser
  - json/scanner
  - json/token
- name: github.com/hashicorp/logutils
  version: ""
- name: github.com/hashicorp/terraform
  version: ""
  subpackages:
  - dag
  - vendor/github.com/hashicorp/go-multierror
  - vendor/github.com/hashicorp/errwrap
- name: github.com/inconshreveable/mousetrap
  version: ""
- name: github.com/kardianos/osext
  version: ""
- name: github.com/magiconair/properties
  version: ""
- name: github.com/mattn/go-isatty
  version: ""
- name: github.com/mitchellh/hashstructure
  version: f33a8ec3ec6e574f74be77ec6b0713bbf0bc96c6
- name: github.com/mitchellh/mapstructure
  version: ""
- name: github.com/pkg/errors
  version: ""
- name: github.com/pmezard/go-difflib
  version: ""
  subpackages:
  - difflib
- name: github.com/spf13/cast
  version: ""
- name: github.com/spf13/cobra
  version: ""
- name: github.com/spf13/jwalterweatherman
  version: ""
- name: github.com/spf13/pflag
  version: ""
- name: github.com/spf13/viper
  version: ""
- name: github.com/streamrail/concurrent-map
  version: f33a8ec3ec6e574f74be77ec6b0713bbf0bc96c6
- name: github.com/stretchr/objx
  version: f33a8ec3ec6e574f74be77ec6b0713bbf0bc96c6
- name: github.com/stretchr/testify
  version: ""
  subpackages:
  - assert
  - require
  - vendor/github.com/davecgh/go-spew/spew
  - vendor/github.com/pmezard/go-difflib/difflib
  - mock
- name: golang.org/x/net
  version: ""
  subpackages:
  - context
- name: golang.org/x/sys
  version: ""
  subpackages:
  - unix
- name: gopkg.in/yaml.v2
  version: ""
testImports: []
